
Microsoft Visual Studio Solution File, Format Version 12.00
# Visual Studio Version 17
VisualStudioVersion = 17.13.35931.197 d17.13
MinimumVisualStudioVersion = 10.0.40219.1
Project("{FAE04EC0-301F-11D3-BF4B-00C04F79EFBC}") = "MusicStoreApp", "MusicStoreApp\MusicStoreApp.csproj", "{9C12F739-B133-400A-94CD-904578DA5C7A}"
EndProject
Project("{FAE04EC0-301F-11D3-BF4B-00C04F79EFBC}") = "MusicStoreApp.Core", "MusicStoreApp.Core\MusicStoreApp.Core.csproj", "{83598FD3-AFE6-47D5-B8AD-D137FE977A74}"
EndProject
Project("{FAE04EC0-301F-11D3-BF4B-00C04F79EFBC}") = "MusicStoreApp.Tests", "MusicStoreApp.Tests\MusicStoreApp.Tests.csproj", "{10ED9E77-0C24-437F-816F-4F84B973804E}"
EndProject
Global
	GlobalSection(SolutionConfigurationPlatforms) = preSolution
		Debug|Any CPU = Debug|Any CPU
		Release|Any CPU = Release|Any CPU
	EndGlobalSection
	GlobalSection(ProjectConfigurationPlatforms) = postSolution
		{9C12F739-B133-400A-94CD-904578DA5C7A}.Debug|Any CPU.ActiveCfg = Debug|Any CPU
		{9C12F739-B133-400A-94CD-904578DA5C7A}.Debug|Any CPU.Build.0 = Debug|Any CPU
		{9C12F739-B133-400A-94CD-904578DA5C7A}.Release|Any CPU.ActiveCfg = Release|Any CPU
		{9C12F739-B133-400A-94CD-904578DA5C7A}.Release|Any CPU.Build.0 = Release|Any CPU
		{83598FD3-AFE6-47D5-B8AD-D137FE977A74}.Debug|Any CPU.ActiveCfg = Debug|Any CPU
		{83598FD3-AFE6-47D5-B8AD-D137FE977A74}.Debug|Any CPU.Build.0 = Debug|Any CPU
		{83598FD3-AFE6-47D5-B8AD-D137FE977A74}.Release|Any CPU.ActiveCfg = Release|Any CPU
		{83598FD3-AFE6-47D5-B8AD-D137FE977A74}.Release|Any CPU.Build.0 = Release|Any CPU
		{10ED9E77-0C24-437F-816F-4F84B973804E}.Debug|Any CPU.ActiveCfg = Debug|Any CPU
		{10ED9E77-0C24-437F-816F-4F84B973804E}.Debug|Any CPU.Build.0 = Debug|Any CPU
		{10ED9E77-0C24-437F-816F-4F84B973804E}.Release|Any CPU.ActiveCfg = Release|Any CPU
		{10ED9E77-0C24-437F-816F-4F84B973804E}.Release|Any CPU.Build.0 = Release|Any CPU
	EndGlobalSection
	GlobalSection(SolutionProperties) = preSolution
		HideSolutionNode = FALSE
	EndGlobalSection
	GlobalSection(ExtensibilityGlobals) = postSolution
		SolutionGuid = {4C292DCF-F48F-4B65-80BB-AD64EBBAA4B0}
	EndGlobalSection
EndGlobal
